{
  "nodes": {
    "brew-src": {
      "flake": false,
      "locked": {
        "lastModified": 1769363988,
        "narHash": "sha256-BiGPeulrDVetXP+tjxhMcGLUROZAtZIhU5m4MqawCfM=",
        "owner": "Homebrew",
        "repo": "brew",
        "rev": "d01011cac6d72032c75fd2cd9489909e95d9faf2",
        "type": "github"
      },
      "original": {
        "owner": "Homebrew",
        "ref": "5.0.12",
        "repo": "brew",
        "type": "github"
      }
    },
    "darwin": {
      "inputs": {
        "nixpkgs": [
          "nixpkgs-darwin"
        ]
      },
      "locked": {
        "lastModified": 1769584835,
        "narHash": "sha256-I21RElVDKF8YhA24LMDzXqb4AmkreYfcIYo7SGU9Jek=",
        "owner": "nix-darwin",
        "repo": "nix-darwin",
        "rev": "d6c2f8abfb695d5eae734386257da7fb0ffa8fca",
        "type": "github"
      },
      "original": {
        "owner": "nix-darwin",
        "ref": "nix-darwin-25.05",
        "repo": "nix-darwin",
        "type": "github"
      }
    },
    "hm-darwin": {
      "inputs": {
        "nixpkgs": [
          "nixpkgs-darwin"
        ]
      },
      "locked": {
        "lastModified": 1763992789,
        "narHash": "sha256-WHkdBlw6oyxXIra/vQPYLtqY+3G8dUVZM8bEXk0t8x4=",
        "owner": "nix-community",
        "repo": "home-manager",
        "rev": "44831a7eaba4360fb81f2acc5ea6de5fde90aaa3",
        "type": "github"
      },
      "original": {
        "owner": "nix-community",
        "ref": "release-25.05",
        "repo": "home-manager",
        "type": "github"
      }
    },
    "hm-linux": {
      "inputs": {
        "nixpkgs": [
          "nixpkgs-linux"
        ]
      },
      "locked": {
        "lastModified": 1769580047,
        "narHash": "sha256-tNqCP/+2+peAXXQ2V8RwsBkenlfWMERb+Uy6xmevyhM=",
        "owner": "nix-community",
        "repo": "home-manager",
        "rev": "366d78c2856de6ab3411c15c1cb4fb4c2bf5c826",
        "type": "github"
      },
      "original": {
        "owner": "nix-community",
        "ref": "release-25.11",
        "repo": "home-manager",
        "type": "github"
      }
    },
    "homebrew-bun": {
      "flake": false,
      "locked": {
        "lastModified": 1769683249,
        "narHash": "sha256-gpeB7ityV7Nr0mYT+uXjmgT45bTG/nOH0KyZQaXxd9g=",
        "owner": "oven-sh",
        "repo": "homebrew-bun",
        "rev": "467bd9fc44e6714aa1d5e75c01e4cfb067b9f7c1",
        "type": "github"
      },
      "original": {
        "owner": "oven-sh",
        "repo": "homebrew-bun",
        "type": "github"
      }
    },
    "homebrew-cask": {
      "flake": false,
      "locked": {
        "lastModified": 1770218551,
        "narHash": "sha256-+9TPplRcS1jTjr4jfYJbGnZKMh++Y842JGLYMM7VmZc=",
        "owner": "homebrew",
        "repo": "homebrew-cask",
        "rev": "e72d7d75cdbdef8bb609cc06f06fd5e394a0f9ef",
        "type": "github"
      },
      "original": {
        "owner": "homebrew",
        "repo": "homebrew-cask",
        "type": "github"
      }
    },
    "homebrew-core": {
      "flake": false,
      "locked": {
        "lastModified": 1770220915,
        "narHash": "sha256-OmPZTJw3j+Wdw5dbsVcT29cA0576dzNbk0CMYhFfWjY=",
        "owner": "homebrew",
        "repo": "homebrew-core",
        "rev": "6dce97edfedbb2c8eb63375f06a74c271108d68a",
        "type": "github"
      },
      "original": {
        "owner": "homebrew",
        "repo": "homebrew-core",
        "type": "github"
      }
    },
    "homebrew-supabase": {
      "flake": false,
      "locked": {
        "lastModified": 1770205982,
        "narHash": "sha256-/WM/arhIv3S4Ba12mP9XSGVYjbN/hFF5zWKYNp9FDts=",
        "owner": "supabase",
        "repo": "homebrew-tap",
        "rev": "1f8ab1468936d090ab485ad10ba2d0553640da87",
        "type": "github"
      },
      "original": {
        "owner": "supabase",
        "repo": "homebrew-tap",
        "type": "github"
      }
    },
    "nix-homebrew": {
      "inputs": {
        "brew-src": "brew-src"
      },
      "locked": {
        "lastModified": 1769437432,
        "narHash": "sha256-8d7KnCpT2LweRvSzZYEGd9IM3eFX+A78opcnDM0+ndk=",
        "owner": "zhaofengli",
        "repo": "nix-homebrew",
        "rev": "a5409abd0d5013d79775d3419bcac10eacb9d8c5",
        "type": "github"
      },
      "original": {
        "owner": "zhaofengli",
        "repo": "nix-homebrew",
        "type": "github"
      }
    },
    "nixpkgs-darwin": {
      "locked": {
        "lastModified": 1768649915,
        "narHash": "sha256-jc21hKogFnxU7KXSVTRmxC7u5D4RHwm9BAvDf5/Z1Uo=",
        "owner": "NixOS",
        "repo": "nixpkgs",
        "rev": "3e3f3c7f9977dc123c23ee21e8085ed63daf8c37",
        "type": "github"
      },
      "original": {
        "owner": "NixOS",
        "ref": "nixpkgs-25.05-darwin",
        "repo": "nixpkgs",
        "type": "github"
      }
    },
    "nixpkgs-linux": {
      "locked": {
        "lastModified": 1770136044,
        "narHash": "sha256-tlFqNG/uzz2++aAmn4v8J0vAkV3z7XngeIIB3rM3650=",
        "owner": "NixOS",
        "repo": "nixpkgs",
        "rev": "e576e3c9cf9bad747afcddd9e34f51d18c855b4e",
        "type": "github"
      },
      "original": {
        "owner": "NixOS",
        "ref": "nixos-25.11",
        "repo": "nixpkgs",
        "type": "github"
      }
    },
    "nixpkgs-unstable": {
      "locked": {
        "lastModified": 1770141374,
        "narHash": "sha256-yD4K/vRHPwXbJf5CK3JkptBA6nFWUKNX/jlFp2eKEQc=",
        "owner": "NixOS",
        "repo": "nixpkgs",
        "rev": "41965737c1797c1d83cfb0b644ed0840a6220bd1",
        "type": "github"
      },
      "original": {
        "owner": "NixOS",
        "ref": "nixpkgs-unstable",
        "repo": "nixpkgs",
        "type": "github"
      }
    },
    "root": {
      "inputs": {
        "darwin": "darwin",
        "hm-darwin": "hm-darwin",
        "hm-linux": "hm-linux",
        "homebrew-bun": "homebrew-bun",
        "homebrew-cask": "homebrew-cask",
        "homebrew-core": "homebrew-core",
        "homebrew-supabase": "homebrew-supabase",
        "nix-homebrew": "nix-homebrew",
        "nixpkgs-darwin": "nixpkgs-darwin",
        "nixpkgs-linux": "nixpkgs-linux",
        "nixpkgs-unstable": "nixpkgs-unstable",
        "zen-browser": "zen-browser"
      }
    },
    "zen-browser": {
      "inputs": {
        "nixpkgs": [
          "nixpkgs-linux"
        ]
      },
      "locked": {
        "lastModified": 1769747637,
        "narHash": "sha256-fRdj480sqW/a+APO6CmelZsa07BRAdEQLUjBQJuyQbU=",
        "owner": "youwen5",
        "repo": "zen-browser-flake",
        "rev": "09e429679b7cc175e71e2d25800bab66493c1c80",
        "type": "github"
      },
      "original": {
        "owner": "youwen5",
        "repo": "zen-browser-flake",
        "type": "github"
      }
    }
  },
  "root": "root",
  "version": 7
}
